
Microsoft Visual Studio Solution File, Format Version 12.00
# Visual Studio Version 17
VisualStudioVersion = 17.11.35312.102
MinimumVisualStudioVersion = 10.0.40219.1
Project("{9A19103F-16F7-4668-BE54-9A1E7A4F7556}") = "Tor.Fixer.Client", "Tor.Fixer.Client\Tor.Fixer.Client.csproj", "{C599A6E6-3AEA-416C-915D-5B1867BB1077}"
EndProject
Project("{9A19103F-16F7-4668-BE54-9A1E7A4F7556}") = "Tor.Fixer.Client.BlazorDemo", "Tor.Fixer.Client.BlazorDemo\Tor.Fixer.Client.BlazorDemo.csproj", "{15468B01-5DDF-4D45-BD5A-2F6BC706152C}"
EndProject
Project("{9A19103F-16F7-4668-BE54-9A1E7A4F7556}") = "Tor.Fixer.Client.Tests", "Tor.Fixer.Client.Tests\Tor.Fixer.Client.Tests.csproj", "{ADD47BC5-17C8-48DC-985E-D4BE9499B4A8}"
EndProject
Global
	GlobalSection(SolutionConfigurationPlatforms) = preSolution
		Debug|Any CPU = Debug|Any CPU
		Release|Any CPU = Release|Any CPU
	EndGlobalSection
	GlobalSection(ProjectConfigurationPlatforms) = postSolution
		{C599A6E6-3AEA-416C-915D-5B1867BB1077}.Debug|Any CPU.ActiveCfg = Debug|Any CPU
		{C599A6E6-3AEA-416C-915D-5B1867BB1077}.Debug|Any CPU.Build.0 = Debug|Any CPU
		{C599A6E6-3AEA-416C-915D-5B1867BB1077}.Release|Any CPU.ActiveCfg = Release|Any CPU
		{C599A6E6-3AEA-416C-915D-5B1867BB1077}.Release|Any CPU.Build.0 = Release|Any CPU
		{15468B01-5DDF-4D45-BD5A-2F6BC706152C}.Debug|Any CPU.ActiveCfg = Debug|Any CPU
		{15468B01-5DDF-4D45-BD5A-2F6BC706152C}.Debug|Any CPU.Build.0 = Debug|Any CPU
		{15468B01-5DDF-4D45-BD5A-2F6BC706152C}.Release|Any CPU.ActiveCfg = Release|Any CPU
		{15468B01-5DDF-4D45-BD5A-2F6BC706152C}.Release|Any CPU.Build.0 = Release|Any CPU
		{ADD47BC5-17C8-48DC-985E-D4BE9499B4A8}.Debug|Any CPU.ActiveCfg = Debug|Any CPU
		{ADD47BC5-17C8-48DC-985E-D4BE9499B4A8}.Debug|Any CPU.Build.0 = Debug|Any CPU
		{ADD47BC5-17C8-48DC-985E-D4BE9499B4A8}.Release|Any CPU.ActiveCfg = Release|Any CPU
		{ADD47BC5-17C8-48DC-985E-D4BE9499B4A8}.Release|Any CPU.Build.0 = Release|Any CPU
	EndGlobalSection
	GlobalSection(SolutionProperties) = preSolution
		HideSolutionNode = FALSE
	EndGlobalSection
	GlobalSection(ExtensibilityGlobals) = postSolution
		SolutionGuid = {40B4529A-3DE6-42A8-A68D-8CDF5DEF4DF9}
	EndGlobalSection
EndGlobal
